// !$*UTF8*$!
{
	archiveVersion = 1;
	classes = {
	};
	objectVersion = 50;
	objects = {

/* Begin PBXBuildFile section */
		CDA6180B261B6D5600A4A4F1 /* Practice_Animations02App.swift in Sources */ = {isa = PBXBuildFile; fileRef = CDA6180A261B6D5600A4A4F1 /* Practice_Animations02App.swift */; };
		CDA6180D261B6D5600A4A4F1 /* ContentView.swift in Sources */ = {isa = PBXBuildFile; fileRef = CDA6180C261B6D5600A4A4F1 /* ContentView.swift */; };
		CDA6180F261B6D5800A4A4F1 /* Assets.xcassets in Resources */ = {isa = PBXBuildFile; fileRef = CDA6180E261B6D5800A4A4F1 /* Assets.xcassets */; };
		CDA61812261B6D5800A4A4F1 /* Preview Assets.xcassets in Resources */ = {isa = PBXBuildFile; fileRef = CDA61811261B6D5800A4A4F1 /* Preview Assets.xcassets */; };
		CDA6181B261B6DF400A4A4F1 /* RecordPlayerView.swift in Sources */ = {isa = PBXBuildFile; fileRef = CDA6181A261B6DF400A4A4F1 /* RecordPlayerView.swift */; };
		CDA6181E261B6EBB00A4A4F1 /* music.m4a in Resources */ = {isa = PBXBuildFile; fileRef = CDA6181D261B6EBB00A4A4F1 /* music.m4a */; };
		CDA61822261B702900A4A4F1 /* RecordView.swift in Sources */ = {isa = PBXBuildFile; fileRef = CDA61821261B702900A4A4F1 /* RecordView.swift */; };
		CDA61825261B71F700A4A4F1 /* ArmView.swift in Sources */ = {isa = PBXBuildFile; fileRef = CDA61824261B71F700A4A4F1 /* ArmView.swift */; };
		CDA61828261B778C00A4A4F1 /* SoundPlayer.swift in Sources */ = {isa = PBXBuildFile; fileRef = CDA61827261B778C00A4A4F1 /* SoundPlayer.swift */; };
/* End PBXBuildFile section */

/* Begin PBXFileReference section */
		CDA61807261B6D5600A4A4F1 /* Practice-Animations02.app */ = {isa = PBXFileReference; explicitFileType = wrapper.application; includeInIndex = 0; path = "Practice-Animations02.app"; sourceTree = BUILT_PRODUCTS_DIR; };
		CDA6180A261B6D5600A4A4F1 /* Practice_Animations02App.swift */ = {isa = PBXFileReference; lastKnownFileType = sourcecode.swift; path = Practice_Animations02App.swift; sourceTree = "<group>"; };
		CDA6180C261B6D5600A4A4F1 /* ContentView.swift */ = {isa = PBXFileReference; lastKnownFileType = sourcecode.swift; path = ContentView.swift; sourceTree = "<group>"; };
		CDA6180E261B6D5800A4A4F1 /* Assets.xcassets */ = {isa = PBXFileReference; lastKnownFileType = folder.assetcatalog; path = Assets.xcassets; sourceTree = "<group>"; };
		CDA61811261B6D5800A4A4F1 /* Preview Assets.xcassets */ = {isa = PBXFileReference; lastKnownFileType = folder.assetcatalog; path = "Preview Assets.xcassets"; sourceTree = "<group>"; };
		CDA61813261B6D5800A4A4F1 /* Info.plist */ = {isa = PBXFileReference; lastKnownFileType = text.plist.xml; path = Info.plist; sourceTree = "<group>"; };
		CDA6181A261B6DF400A4A4F1 /* RecordPlayerView.swift */ = {isa = PBXFileReference; lastKnownFileType = sourcecode.swift; path = RecordPlayerView.swift; sourceTree = "<group>"; };
		CDA6181D261B6EBB00A4A4F1 /* music.m4a */ = {isa = PBXFileReference; lastKnownFileType = file; path = music.m4a; sourceTree = "<group>"; };
		CDA61821261B702900A4A4F1 /* RecordView.swift */ = {isa = PBXFileReference; lastKnownFileType = sourcecode.swift; path = RecordView.swift; sourceTree = "<group>"; };
		CDA61824261B71F700A4A4F1 /* ArmView.swift */ = {isa = PBXFileReference; lastKnownFileType = sourcecode.swift; path = ArmView.swift; sourceTree = "<group>"; };
		CDA61827261B778C00A4A4F1 /* SoundPlayer.swift */ = {isa = PBXFileReference; lastKnownFileType = sourcecode.swift; path = SoundPlayer.swift; sourceTree = "<group>"; };
/* End PBXFileReference section */

/* Begin PBXFrameworksBuildPhase section */
		CDA61804261B6D5600A4A4F1 /* Frameworks */ = {
			isa = PBXFrameworksBuildPhase;
			buildActionMask = 2147483647;
			files = (
			);
			runOnlyForDeploymentPostprocessing = 0;
		};
/* End PBXFrameworksBuildPhase section */

/* Begin PBXGroup section */
		CDA617FE261B6D5600A4A4F1 = {
			isa = PBXGroup;
			children = (
				CDA61809261B6D5600A4A4F1 /* Practice-Animations02 */,
				CDA61808261B6D5600A4A4F1 /* Products */,
			);
			sourceTree = "<group>";
		};
		CDA61808261B6D5600A4A4F1 /* Products */ = {
			isa = PBXGroup;
			children = (
				CDA61807261B6D5600A4A4F1 /* Practice-Animations02.app */,
			);
			name = Products;
			sourceTree = "<group>";
		};
		CDA61809261B6D5600A4A4F1 /* Practice-Animations02 */ = {
			isa = PBXGroup;
			children = (
				CDA6180A261B6D5600A4A4F1 /* Practice_Animations02App.swift */,
				CDA6180C261B6D5600A4A4F1 /* ContentView.swift */,
				CDA6180E261B6D5800A4A4F1 /* Assets.xcassets */,
				CDA61813261B6D5800A4A4F1 /* Info.plist */,
				CDA6181D261B6EBB00A4A4F1 /* music.m4a */,
				CDA6181A261B6DF400A4A4F1 /* RecordPlayerView.swift */,
				CDA61810261B6D5800A4A4F1 /* Preview Content */,
				CDA61821261B702900A4A4F1 /* RecordView.swift */,
				CDA61824261B71F700A4A4F1 /* ArmView.swift */,
				CDA61827261B778C00A4A4F1 /* SoundPlayer.swift */,
			);
			path = "Practice-Animations02";
			sourceTree = "<group>";
		};
		CDA61810261B6D5800A4A4F1 /* Preview Content */ = {
			isa = PBXGroup;
			children = (
				CDA61811261B6D5800A4A4F1 /* Preview Assets.xcassets */,
			);
			path = "Preview Content";
			sourceTree = "<group>";
		};
/* End PBXGroup section */

/* Begin PBXNativeTarget section */
		CDA61806261B6D5600A4A4F1 /* Practice-Animations02 */ = {
			isa = PBXNativeTarget;
			buildConfigurationList = CDA61816261B6D5800A4A4F1 /* Build configuration list for PBXNativeTarget "Practice-Animations02" */;
			buildPhases = (
				CDA61803261B6D5600A4A4F1 /* Sources */,
				CDA61804261B6D5600A4A4F1 /* Frameworks */,
				CDA61805261B6D5600A4A4F1 /* Resources */,
			);
			buildRules = (
			);
			dependencies = (
			);
			name = "Practice-Animations02";
			productName = "Practice-Animations02";
			productReference = CDA61807261B6D5600A4A4F1 /* Practice-Animations02.app */;
			productType = "com.apple.product-type.application";
		};
/* End PBXNativeTarget section */

/* Begin PBXProject section */
		CDA617FF261B6D5600A4A4F1 /* Project object */ = {
			isa = PBXProject;
			attributes = {
				LastSwiftUpdateCheck = 1240;
				LastUpgradeCheck = 1240;
				TargetAttributes = {
					CDA61806261B6D5600A4A4F1 = {
						CreatedOnToolsVersion = 12.4;
					};
				};
			};
			buildConfigurationList = CDA61802261B6D5600A4A4F1 /* Build configuration list for PBXProject "Practice-Animations02" */;
			compatibilityVersion = "Xcode 9.3";
			developmentRegion = en;
			hasScannedForEncodings = 0;
			knownRegions = (
				en,
				Base,
			);
			mainGroup = CDA617FE261B6D5600A4A4F1;
			productRefGroup = CDA61808261B6D5600A4A4F1 /* Products */;
			projectDirPath = "";
			projectRoot = "";
			targets = (
				CDA61806261B6D5600A4A4F1 /* Practice-Animations02 */,
			);
		};
/* End PBXProject section */

/* Begin PBXResourcesBuildPhase section */
		CDA61805261B6D5600A4A4F1 /* Resources */ = {
			isa = PBXResourcesBuildPhase;
			buildActionMask = 2147483647;
			files = (
				CDA61812261B6D5800A4A4F1 /* Preview Assets.xcassets in Resources */,
				CDA6180F261B6D5800A4A4F1 /* Assets.xcassets in Resources */,
				CDA6181E261B6EBB00A4A4F1 /* music.m4a in Resources */,
			);
			runOnlyForDeploymentPostprocessing = 0;
		};
/* End PBXResourcesBuildPhase section */

/* Begin PBXSourcesBuildPhase section */
		CDA61803261B6D5600A4A4F1 /* Sources */ = {
			isa = PBXSourcesBuildPhase;
			buildActionMask = 2147483647;
			files = (
				CDA6180D261B6D5600A4A4F1 /* ContentView.swift in Sources */,
				CDA61822261B702900A4A4F1 /* RecordView.swift in Sources */,
				CDA61825261B71F700A4A4F1 /* ArmView.swift in Sources */,
				CDA6180B261B6D5600A4A4F1 /* Practice_Animations02App.swift in Sources */,
				CDA61828261B778C00A4A4F1 /* SoundPlayer.swift in Sources */,
				CDA6181B261B6DF400A4A4F1 /* RecordPlayerView.swift in Sources */,
			);
			runOnlyForDeploymentPostprocessing = 0;
		};
/* End PBXSourcesBuildPhase section */

/* Begin XCBuildConfiguration section */
		CDA61814261B6D5800A4A4F1 /* Debug */ = {
			isa = XCBuildConfiguration;
			buildSettings = {
				ALWAYS_SEARCH_USER_PATHS = NO;
				CLANG_ANALYZER_NONNULL = YES;
				CLANG_ANALYZER_NUMBER_OBJECT_CONVERSION = YES_AGGRESSIVE;
				CLANG_CXX_LANGUAGE_STANDARD = "gnu++14";
				CLANG_CXX_LIBRARY = "libc++";
				CLANG_ENABLE_MODULES = YES;
				CLANG_ENABLE_OBJC_ARC = YES;
				CLANG_ENABLE_OBJC_WEAK = YES;
				CLANG_WARN_BLOCK_CAPTURE_AUTORELEASING = YES;
				CLANG_WARN_BOOL_CONVERSION = YES;
				CLANG_WARN_COMMA = YES;
				CLANG_WARN_CONSTANT_CONVERSION = YES;
				CLANG_WARN_DEPRECATED_OBJC_IMPLEMENTATIONS = YES;
				CLANG_WARN_DIRECT_OBJC_ISA_USAGE = YES_ERROR;
				CLANG_WARN_DOCUMENTATION_COMMENTS = YES;
				CLANG_WARN_EMPTY_BODY = YES;
				CLANG_WARN_ENUM_CONVERSION = YES;
				CLANG_WARN_INFINITE_RECURSION = YES;
				CLANG_WARN_INT_CONVERSION = YES;
				CLANG_WARN_NON_LITERAL_NULL_CONVERSION = YES;
				CLANG_WARN_OBJC_IMPLICIT_RETAIN_SELF = YES;
				CLANG_WARN_OBJC_LITERAL_CONVERSION = YES;
				CLANG_WARN_OBJC_ROOT_CLASS = YES_ERROR;
				CLANG_WARN_QUOTED_INCLUDE_IN_FRAMEWORK_HEADER = YES;
				CLANG_WARN_RANGE_LOOP_ANALYSIS = YES;
				CLANG_WARN_STRICT_PROTOTYPES = YES;
				CLANG_WARN_SUSPICIOUS_MOVE = YES;
				CLANG_WARN_UNGUARDED_AVAILABILITY = YES_AGGRESSIVE;
				CLANG_WARN_UNREACHABLE_CODE = YES;
				CLANG_WARN__DUPLICATE_METHOD_MATCH = YES;
				COPY_PHASE_STRIP = NO;
				DEBUG_INFORMATION_FORMAT = dwarf;
				ENABLE_STRICT_OBJC_MSGSEND = YES;
				ENABLE_TESTABILITY = YES;
				GCC_C_LANGUAGE_STANDARD = gnu11;
				GCC_DYNAMIC_NO_PIC = NO;
				GCC_NO_COMMON_BLOCKS = YES;
				GCC_OPTIMIZATION_LEVEL = 0;
				GCC_PREPROCESSOR_DEFINITIONS = (
					"DEBUG=1",
					"$(inherited)",
				);
				GCC_WARN_64_TO_32_BIT_CONVERSION = YES;
				GCC_WARN_ABOUT_RETURN_TYPE = YES_ERROR;
				GCC_WARN_UNDECLARED_SELECTOR = YES;
				GCC_WARN_UNINITIALIZED_AUTOS = YES_AGGRESSIVE;
				GCC_WARN_UNUSED_FUNCTION = YES;
				GCC_WARN_UNUSED_VARIABLE = YES;
				IPHONEOS_DEPLOYMENT_TARGET = 14.4;
				MTL_ENABLE_DEBUG_INFO = INCLUDE_SOURCE;
				MTL_FAST_MATH = YES;
				ONLY_ACTIVE_ARCH = YES;
				SDKROOT = iphoneos;
				SWIFT_ACTIVE_COMPILATION_CONDITIONS = DEBUG;
				SWIFT_OPTIMIZATION_LEVEL = "-Onone";
			};
			name = Debug;
		};
		CDA61815261B6D5800A4A4F1 /* Release */ = {
			isa = XCBuildConfiguration;
			buildSettings = {
				ALWAYS_SEARCH_USER_PATHS = NO;
				CLANG_ANALYZER_NONNULL = YES;
				CLANG_ANALYZER_NUMBER_OBJECT_CONVERSION = YES_AGGRESSIVE;
				CLANG_CXX_LANGUAGE_STANDARD = "gnu++14";
				CLANG_CXX_LIBRARY = "libc++";
				CLANG_ENABLE_MODULES = YES;
				CLANG_ENABLE_OBJC_ARC = YES;
				CLANG_ENABLE_OBJC_WEAK = YES;
				CLANG_WARN_BLOCK_CAPTURE_AUTORELEASING = YES;
				CLANG_WARN_BOOL_CONVERSION = YES;
				CLANG_WARN_COMMA = YES;
				CLANG_WARN_CONSTANT_CONVERSION = YES;
				CLANG_WARN_DEPRECATED_OBJC_IMPLEMENTATIONS = YES;
				CLANG_WARN_DIRECT_OBJC_ISA_USAGE = YES_ERROR;
				CLANG_WARN_DOCUMENTATION_COMMENTS = YES;
				CLANG_WARN_EMPTY_BODY = YES;
				CLANG_WARN_ENUM_CONVERSION = YES;
				CLANG_WARN_INFINITE_RECURSION = YES;
				CLANG_WARN_INT_CONVERSION = YES;
				CLANG_WARN_NON_LITERAL_NULL_CONVERSION = YES;
				CLANG_WARN_OBJC_IMPLICIT_RETAIN_SELF = YES;
				CLANG_WARN_OBJC_LITERAL_CONVERSION = YES;
				CLANG_WARN_OBJC_ROOT_CLASS = YES_ERROR;
				CLANG_WARN_QUOTED_INCLUDE_IN_FRAMEWORK_HEADER = YES;
				CLANG_WARN_RANGE_LOOP_ANALYSIS = YES;
				CLANG_WARN_STRICT_PROTOTYPES = YES;
				CLANG_WARN_SUSPICIOUS_MOVE = YES;
				CLANG_WARN_UNGUARDED_AVAILABILITY = YES_AGGRESSIVE;
				CLANG_WARN_UNREACHABLE_CODE = YES;
				CLANG_WARN__DUPLICATE_METHOD_MATCH = YES;
				COPY_PHASE_STRIP = NO;
				DEBUG_INFORMATION_FORMAT = "dwarf-with-dsym";
				ENABLE_NS_ASSERTIONS = NO;
				ENABLE_STRICT_OBJC_MSGSEND = YES;
				GCC_C_LANGUAGE_STANDARD = gnu11;
				GCC_NO_COMMON_BLOCKS = YES;
				GCC_WARN_64_TO_32_BIT_CONVERSION = YES;
				GCC_WARN_ABOUT_RETURN_TYPE = YES_ERROR;
				GCC_WARN_UNDECLARED_SELECTOR = YES;
				GCC_WARN_UNINITIALIZED_AUTOS = YES_AGGRESSIVE;
				GCC_WARN_UNUSED_FUNCTION = YES;
				GCC_WARN_UNUSED_VARIABLE = YES;
				IPHONEOS_DEPLOYMENT_TARGET = 14.4;
				MTL_ENABLE_DEBUG_INFO = NO;
				MTL_FAST_MATH = YES;
				SDKROOT = iphoneos;
				SWIFT_COMPILATION_MODE = wholemodule;
				SWIFT_OPTIMIZATION_LEVEL = "-O";
				VALIDATE_PRODUCT = YES;
			};
			name = Release;
		};
		CDA61817261B6D5800A4A4F1 /* Debug */ = {
			isa = XCBuildConfiguration;
			buildSettings = {
				ASSETCATALOG_COMPILER_APPICON_NAME = AppIcon;
				ASSETCATALOG_COMPILER_GLOBAL_ACCENT_COLOR_NAME = AccentColor;
				CODE_SIGN_STYLE = Automatic;
				DEVELOPMENT_ASSET_PATHS = "\"Practice-Animations02/Preview Content\"";
				DEVELOPMENT_TEAM = F5J6ZLKCR8;
				ENABLE_PREVIEWS = YES;
				INFOPLIST_FILE = "Practice-Animations02/Info.plist";
				IPHONEOS_DEPLOYMENT_TARGET = 14.0;
				LD_RUNPATH_SEARCH_PATHS = (
					"$(inherited)",
					"@executable_path/Frameworks",
				);
				PRODUCT_BUNDLE_IDENTIFIER = "com.clearsyntax.Practice-Animations02";
				PRODUCT_NAME = "$(TARGET_NAME)";
				SWIFT_VERSION = 5.0;
				TARGETED_DEVICE_FAMILY = "1,2";
			};
			name = Debug;
		};
		CDA61818261B6D5800A4A4F1 /* Release */ = {
			isa = XCBuildConfiguration;
			buildSettings = {
				ASSETCATALOG_COMPILER_APPICON_NAME = AppIcon;
				ASSETCATALOG_COMPILER_GLOBAL_ACCENT_COLOR_NAME = AccentColor;
				CODE_SIGN_STYLE = Automatic;
				DEVELOPMENT_ASSET_PATHS = "\"Practice-Animations02/Preview Content\"";
				DEVELOPMENT_TEAM = F5J6ZLKCR8;
				ENABLE_PREVIEWS = YES;
				INFOPLIST_FILE = "Practice-Animations02/Info.plist";
				IPHONEOS_DEPLOYMENT_TARGET = 14.0;
				LD_RUNPATH_SEARCH_PATHS = (
					"$(inherited)",
					"@executable_path/Frameworks",
				);
				PRODUCT_BUNDLE_IDENTIFIER = "com.clearsyntax.Practice-Animations02";
				PRODUCT_NAME = "$(TARGET_NAME)";
				SWIFT_VERSION = 5.0;
				TARGETED_DEVICE_FAMILY = "1,2";
			};
			name = Release;
		};
/* End XCBuildConfiguration section */

/* Begin XCConfigurationList section */
		CDA61802261B6D5600A4A4F1 /* Build configuration list for PBXProject "Practice-Animations02" */ = {
			isa = XCConfigurationList;
			buildConfigurations = (
				CDA61814261B6D5800A4A4F1 /* Debug */,
				CDA61815261B6D5800A4A4F1 /* Release */,
			);
			defaultConfigurationIsVisible = 0;
			defaultConfigurationName = Release;
		};
		CDA61816261B6D5800A4A4F1 /* Build configuration list for PBXNativeTarget "Practice-Animations02" */ = {
			isa = XCConfigurationList;
			buildConfigurations = (
				CDA61817261B6D5800A4A4F1 /* Debug */,
				CDA61818261B6D5800A4A4F1 /* Release */,
			);
			defaultConfigurationIsVisible = 0;
			defaultConfigurationName = Release;
		};
/* End XCConfigurationList section */
	};
	rootObject = CDA617FF261B6D5600A4A4F1 /* Project object */;
}
